{
    "name": "janitor",
    "lockfileVersion": 3,
    "requires": true,
    "packages": {
        "": {
            "name": "janitor",
            "license": "MIT",
            "dependencies": {
                "@jsdotlua/luau-polyfill": "^1.2.6"
            }
        },
        "node_modules/@jsdotlua/boolean": {
            "version": "1.2.6",
            "resolved": "https://registry.npmjs.org/@jsdotlua/boolean/-/boolean-1.2.6.tgz",
            "integrity": "sha512-UeYZRU39Bl1ww/JJpO9kDAIFKbuyGGJx3tXRdKPO19HI4N4mjSAPwdakCHe/IZqjhUKIlEfCXE96LvigA+harQ==",
            "dependencies": {
                "@jsdotlua/number": "^1.2.6"
            }
        },
        "node_modules/@jsdotlua/collections": {
            "version": "1.2.6",
            "resolved": "https://registry.npmjs.org/@jsdotlua/collections/-/collections-1.2.6.tgz",
            "integrity": "sha512-iW4aRzlzrwj66AEXb+E1HcEzpOe1vELBCZE4a6xeEWAR9+oynIj4q3aJXvQdBvIkWPYcSSXzLlloukz7KwDJwg==",
            "dependencies": {
                "@jsdotlua/es7-types": "^1.2.6",
                "@jsdotlua/instance-of": "^1.2.6"
            }
        },
        "node_modules/@jsdotlua/console": {
            "version": "1.2.6",
            "resolved": "https://registry.npmjs.org/@jsdotlua/console/-/console-1.2.6.tgz",
            "integrity": "sha512-8INf3Q1uqTWH+pkFI6j+Uh0GWU8+QAUvkT8xk5L2divjYa+VKsWv3LynW1lhF3zVJ5zQWKQs0UI33qITb96iEA==",
            "dependencies": {
                "@jsdotlua/collections": "^1.2.6"
            }
        },
        "node_modules/@jsdotlua/es7-types": {
            "version": "1.2.6",
            "resolved": "https://registry.npmjs.org/@jsdotlua/es7-types/-/es7-types-1.2.6.tgz",
            "integrity": "sha512-MwJez3MWKYxYyKYiUDaa6PCZ+h7vfKsDU9J8aX6Py6I6X1LWViaacECZEKSy4DO+jXpjZG9grb0mzqiDR57suw=="
        },
        "node_modules/@jsdotlua/instance-of": {
            "version": "1.2.6",
            "resolved": "https://registry.npmjs.org/@jsdotlua/instance-of/-/instance-of-1.2.6.tgz",
            "integrity": "sha512-LYizoL7ffylgTSunTSUwxlaRJ3GNhk7ucgdRLy/IygtTNnaRb+7ObMP8+xgqQztYx07cRuoq6IRBAR0XVYaO1g=="
        },
        "node_modules/@jsdotlua/luau-polyfill": {
            "version": "1.2.6",
            "resolved": "https://registry.npmjs.org/@jsdotlua/luau-polyfill/-/luau-polyfill-1.2.6.tgz",
            "integrity": "sha512-jTRn2BQhjzF5ujWvAoxeepnwUp8lLDp2Q/oLZv7AmE1nJEjyLzedmM1AKoWH8ZDEhcw21tWSI5A+el2tKSGmAQ==",
            "dependencies": {
                "@jsdotlua/boolean": "^1.2.6",
                "@jsdotlua/collections": "^1.2.6",
                "@jsdotlua/console": "^1.2.6",
                "@jsdotlua/es7-types": "^1.2.6",
                "@jsdotlua/instance-of": "^1.2.6",
                "@jsdotlua/math": "^1.2.6",
                "@jsdotlua/number": "^1.2.6",
                "@jsdotlua/string": "^1.2.6",
                "@jsdotlua/timers": "^1.2.6",
                "symbol-luau": "^1.0.0"
            }
        },
        "node_modules/@jsdotlua/math": {
            "version": "1.2.6",
            "resolved": "https://registry.npmjs.org/@jsdotlua/math/-/math-1.2.6.tgz",
            "integrity": "sha512-n9E0kIdPjFn7eYBHW4naVV+YhM9tnnKN9huEpieatW6tlgVy3RhWc9YsH5X2VAzKxOYbPptjaA0qVvgo5dWtyQ=="
        },
        "node_modules/@jsdotlua/number": {
            "version": "1.2.6",
            "resolved": "https://registry.npmjs.org/@jsdotlua/number/-/number-1.2.6.tgz",
            "integrity": "sha512-NNYgp17K5NFCvtqSA/3tAxdEiUz096LX0RsbOcHfWKpFk0Ld9xPb6aJQY2vAgTB/hTXTV8O055dnAzPHbmg/Jw=="
        },
        "node_modules/@jsdotlua/string": {
            "version": "1.2.6",
            "resolved": "https://registry.npmjs.org/@jsdotlua/string/-/string-1.2.6.tgz",
            "integrity": "sha512-ZMgH+DgJGSuDdNR0v4mdrimaS25osmPyyPeYglYhyD3mkFSmpX6XthH7+Kk/lym1iYfUDRwREUsa68GRVDy4JQ==",
            "dependencies": {
                "@jsdotlua/es7-types": "^1.2.6",
                "@jsdotlua/number": "^1.2.6"
            }
        },
        "node_modules/@jsdotlua/timers": {
            "version": "1.2.6",
            "resolved": "https://registry.npmjs.org/@jsdotlua/timers/-/timers-1.2.6.tgz",
            "integrity": "sha512-vYMNJqvzQM6lhvHARaViQNPL0hLZEzotk51eDJefyyED9ko1LuJaGaZmCurFbgp/n0hR1xtc/LcanN3hb3G9xg==",
            "dependencies": {
                "@jsdotlua/collections": "^1.2.6"
            }
        },
        "node_modules/symbol-luau": {
            "version": "1.0.1",
            "resolved": "https://registry.npmjs.org/symbol-luau/-/symbol-luau-1.0.1.tgz",
            "integrity": "sha512-rOkl1ZSO5xMTHjCBkEgR2w55KDlJCdBYKWvR+x+1MTQjcFwRA/3XjWLJn+FGfpHELdsZ/GlPUTXRt7toQe74Ig=="
        }
    }
}
