lockfileVersion: '6.0'

settings:
  autoInstallPeers: true
  excludeLinksFromLockfile: false

dependencies:
  '@jsdotlua/luau-polyfill':
    specifier: ^1.2.6
    version: 1.2.6
  jest-lua:
    specifier: github:jsdotlua/jest-lua
    version: github.com/jsdotlua/jest-lua/f788c4b0d77175fa32e438eeb169b04dede7e3b1

packages:

  /@jsdotlua/boolean@1.2.6:
    resolution: {integrity: sha512-UeYZRU39Bl1ww/JJpO9kDAIFKbuyGGJx3tXRdKPO19HI4N4mjSAPwdakCHe/IZqjhUKIlEfCXE96LvigA+harQ==}
    dependencies:
      '@jsdotlua/number': 1.2.6
    dev: false

  /@jsdotlua/collections@1.2.6:
    resolution: {integrity: sha512-iW4aRzlzrwj66AEXb+E1HcEzpOe1vELBCZE4a6xeEWAR9+oynIj4q3aJXvQdBvIkWPYcSSXzLlloukz7KwDJwg==}
    dependencies:
      '@jsdotlua/es7-types': 1.2.6
      '@jsdotlua/instance-of': 1.2.6
    dev: false

  /@jsdotlua/console@1.2.6:
    resolution: {integrity: sha512-8INf3Q1uqTWH+pkFI6j+Uh0GWU8+QAUvkT8xk5L2divjYa+VKsWv3LynW1lhF3zVJ5zQWKQs0UI33qITb96iEA==}
    dependencies:
      '@jsdotlua/collections': 1.2.6
    dev: false

  /@jsdotlua/es7-types@1.2.6:
    resolution: {integrity: sha512-MwJez3MWKYxYyKYiUDaa6PCZ+h7vfKsDU9J8aX6Py6I6X1LWViaacECZEKSy4DO+jXpjZG9grb0mzqiDR57suw==}
    dev: false

  /@jsdotlua/instance-of@1.2.6:
    resolution: {integrity: sha512-LYizoL7ffylgTSunTSUwxlaRJ3GNhk7ucgdRLy/IygtTNnaRb+7ObMP8+xgqQztYx07cRuoq6IRBAR0XVYaO1g==}
    dev: false

  /@jsdotlua/luau-polyfill@1.2.6:
    resolution: {integrity: sha512-jTRn2BQhjzF5ujWvAoxeepnwUp8lLDp2Q/oLZv7AmE1nJEjyLzedmM1AKoWH8ZDEhcw21tWSI5A+el2tKSGmAQ==}
    dependencies:
      '@jsdotlua/boolean': 1.2.6
      '@jsdotlua/collections': 1.2.6
      '@jsdotlua/console': 1.2.6
      '@jsdotlua/es7-types': 1.2.6
      '@jsdotlua/instance-of': 1.2.6
      '@jsdotlua/math': 1.2.6
      '@jsdotlua/number': 1.2.6
      '@jsdotlua/string': 1.2.6
      '@jsdotlua/timers': 1.2.6
      symbol-luau: 1.0.1
    dev: false

  /@jsdotlua/math@1.2.6:
    resolution: {integrity: sha512-n9E0kIdPjFn7eYBHW4naVV+YhM9tnnKN9huEpieatW6tlgVy3RhWc9YsH5X2VAzKxOYbPptjaA0qVvgo5dWtyQ==}
    dev: false

  /@jsdotlua/number@1.2.6:
    resolution: {integrity: sha512-NNYgp17K5NFCvtqSA/3tAxdEiUz096LX0RsbOcHfWKpFk0Ld9xPb6aJQY2vAgTB/hTXTV8O055dnAzPHbmg/Jw==}
    dev: false

  /@jsdotlua/string@1.2.6:
    resolution: {integrity: sha512-ZMgH+DgJGSuDdNR0v4mdrimaS25osmPyyPeYglYhyD3mkFSmpX6XthH7+Kk/lym1iYfUDRwREUsa68GRVDy4JQ==}
    dependencies:
      '@jsdotlua/es7-types': 1.2.6
      '@jsdotlua/number': 1.2.6
    dev: false

  /@jsdotlua/timers@1.2.6:
    resolution: {integrity: sha512-vYMNJqvzQM6lhvHARaViQNPL0hLZEzotk51eDJefyyED9ko1LuJaGaZmCurFbgp/n0hR1xtc/LcanN3hb3G9xg==}
    dependencies:
      '@jsdotlua/collections': 1.2.6
    dev: false

  /symbol-luau@1.0.1:
    resolution: {integrity: sha512-rOkl1ZSO5xMTHjCBkEgR2w55KDlJCdBYKWvR+x+1MTQjcFwRA/3XjWLJn+FGfpHELdsZ/GlPUTXRt7toQe74Ig==}
    dev: false

  github.com/jsdotlua/jest-lua/f788c4b0d77175fa32e438eeb169b04dede7e3b1:
    resolution: {tarball: https://codeload.github.com/jsdotlua/jest-lua/tar.gz/f788c4b0d77175fa32e438eeb169b04dede7e3b1}
    name: jest-lua
    version: 0.0.0
    dev: false
